github.com/BurntSushi/toml v0.3.1 h1:WXkYYl6Yr3qBf1K79EBnL4mak0OimBfB0XUf9Vl28OQ=
github.com/BurntSushi/toml v0.3.1/go.mod h1:xHWCNGjB5oqiDr8zfno3MHue2Ht5sIBksp03qcyfWMU=
github.com/bmizerany/pat v0.0.0-20170815010413-6226ea591a40 h1:y4B3+GPxKlrigF1ha5FFErxK+sr6sWxQovRMzwMhejo=
github.com/bmizerany/pat v0.0.0-20170815010413-6226ea591a40/go.mod h1:8rLXio+WjiTceGBHIoTvn60HIbs7Hm7bcHjyrSqYB9c=
github.com/boltdb/bolt v1.3.1 h1:JQmyP4ZBrce+ZQu0dY660FMfatumYDLun9hBCUVIkF4=
github.com/boltdb/bolt v1.3.1/go.mod h1:clJnj/oiGkjum5o1McbSZDSLxVThjynRyGBgiAx27Ps=
github.com/coreos/etcd v2.3.8+incompatible h1:Lkp5dgqMANTjq0UW74OP1H8yCDQT0In4jrw6xfcNlGE=
github.com/coreos/etcd v2.3.8+incompatible/go.mod h1:uF7uidLiAD3TWHmW31ZFd/JWoc32PjwdhPthX9715RE=
github.com/davecgh/go-spew v1.1.0/go.mod h1:J7Y8YcW2NihsgmVo/mv3lAwl/skON4iLHjSsI+c5H38=
github.com/davecgh/go-spew v1.1.1 h1:vj9j/u1bqnvCEfJOwUhtlOARqs3+rkHYY13jYWTU97c=
github.com/davecgh/go-spew v1.1.1/go.mod h1:J7Y8YcW2NihsgmVo/mv3lAwl/skON4iLHjSsI+c5H38=
github.com/dgrijalva/jwt-go v3.2.0+incompatible h1:7qlOGliEKZXTDg6OTjfoBKDXWrumCAMpl/TFQ4/5kLM=
github.com/dgrijalva/jwt-go v3.2.0+incompatible/go.mod h1:E3ru+11k8xSBh+hMPgOLZmtrrCbhqsmaPHjLKYnJCaQ=
github.com/dgryski/go-bits v0.0.0-20180113010104-bd8a69a71dc2 h1:2+yip7nN/auel0PDwY7SIaTOxQPI2NwdkZkvpgtc3Pk=
github.com/dgryski/go-bits v0.0.0-20180113010104-bd8a69a71dc2/go.mod h1:/9UYwwvZuEgp+mQ4960SHWCU1FS+FgdFX+m5ExFByNs=
github.com/dgryski/go-bitstream v0.0.0-20180413035011-3522498ce2c8 h1:akOQj8IVgoeFfBTzGOEQakCYshWD6RNo1M5pivFXt70=
github.com/dgryski/go-bitstream v0.0.0-20180413035011-3522498ce2c8/go.mod h1:VMaSuZ+SZcx/wljOQKvp5srsbCiKDEb6K2wC4+PiBmQ=
github.com/evanphx/json-patch v4.5.0+incompatible h1:ouOWdg56aJriqS0huScTkVXPC5IcNrDCXZ6OoTAWu7M=
github.com/evanphx/json-patch v4.5.0+incompatible/go.mod h1:50XU6AFN0ol/bzJsmQLiYLvXMP4fmwYFNcr97nuDLSk=
github.com/geoffgarside/ber v0.0.0-20190912223231-00c19d63973f h1:Yqplfw7Hcmiy3/Rv3hAdB565u2VSMpfPEcWUHU1raww=
github.com/geoffgarside/ber v0.0.0-20190912223231-00c19d63973f/go.mod h1:jVPKeCbj6MvQZhwLYsGwaGI52oUorHoHKNecGT85ZCc=
github.com/gogo/protobuf v1.3.1 h1:DqDEcV5aeaTmdFBePNpYsp3FlcVH/2ISVVM9Qf8PSls=
github.com/gogo/protobuf v1.3.1/go.mod h1:SlYgWuQ5SjCEi6WLHjHCa1yvBfUnHcTbrrZtXPKa29o=
github.com/golang/snappy v0.0.1 h1:Qgr9rKW7uDUkrbSmQeiDsGa8SjGyCOGtuasMWwvp2P4=
github.com/golang/snappy v0.0.1/go.mod h1:/XxbfmMg8lxefKM7IXC3fBNl/7bRcc72aCRzEWrmP2Q=
github.com/google/gofuzz v1.0.0/go.mod h1:dBl0BpW6vV/+mYPU4Po3pmUjxk6FQPldtuIdl/M65Eg=
github.com/influxdata/influxdb v1.1.4 h1:VLf6ewC579GzI+JQCCZdU2Ijeb/bnf6L8u+ptZhKXVM=
github.com/influxdata/influxdb v1.1.4/go.mod h1:qZna6X/4elxqT3yI9iZYdZrWWdeFOOprn86kgg4+IzY=
github.com/influxdata/kapacitor v1.2.0 h1:kDnWx46bo1R44sRHBtbJebFx07VpaVSfntUZ+IrFQCg=
github.com/influxdata/kapacitor v1.2.0/go.mod h1:vv15yTwFBi1kUhCUrM/PGdfsbh5Y5F8BaCrdOg2S+d8=
github.com/influxdata/usage-client v0.0.0-20160829180054-6d3895376368 h1:+TUUmaFa4YD1Q+7bH9o5NCHQGPMqZCYJiNW6lIIS9z4=
github.com/influxdata/usage-client v0.0.0-20160829180054-6d3895376368/go.mod h1:Wbbw6tYNvwa5dlB6304Sd+82Z3f7PmVZHVKU637d4po=
github.com/influxdata/wlog v0.0.0-20160411224016-7c63b0a71ef8 h1:W2IgzRCb0L9VzMujq/QuTaZUKcH8096jWwP519mHN6Q=
github.com/influxdata/wlog v0.0.0-20160411224016-7c63b0a71ef8/go.mod h1:/2NMgWB1DHM1ti/gqhOlg+LJeBVk6FqR5aVGYY0hlwI=
github.com/json-iterator/go v1.1.9 h1:9yzud/Ht36ygwatGx56VwCZtlI/2AD15T1X2sjSuGns=
github.com/json-iterator/go v1.1.9/go.mod h1:KdQUCv79m/52Kvf8AW2vK1V8akMuk1QjK/uOdHXbAo4=
github.com/jwilder/encoding v0.0.0-20170811194829-b4e1701a28ef h1:2jNeR4YUziVtswNP9sEFAI913cVrzH85T+8Q6LpYbT0=
github.com/jwilder/encoding v0.0.0-20170811194829-b4e1701a28ef/go.mod h1:Ct9fl0F6iIOGgxJ5npU/IUOhOhqlVrGjyIZc8/MagT0=
github.com/k-sone/snmpgo v3.2.0+incompatible h1:2NogYilKYSia0f+seO9P7aRa6MKG6RcnNc1L74L8WOw=
github.com/k-sone/snmpgo v3.2.0+incompatible/go.mod h1:9MC6LeG1sGPgrwnmu/V/ncg9P2M5zS5IvE+c4KZj25g=
github.com/kimor79/gollectd v1.0.0 h1:6APoEersLJ2W0iwWj8C7COlienQ8XTWh8np4w0ggI8k=
github.com/kimor79/gollectd v1.0.0/go.mod h1:lDxzEAixH34FPZ0nBIpjCu2vR3ZdIKZbbnf2rc+b2ao=
github.com/kisielk/errcheck v1.2.0/go.mod h1:/BMXB+zMLi60iA8Vv6Ksmxu/1UDYcXs4uQLJ+jE2L00=
github.com/kisielk/gotool v1.0.0/go.mod h1:XhKaO+MFFWcvkIS/tQcRk01m1F5IRFswLeQ+oQHNcck=
github.com/lodastack/log v0.0.0-20161025094532-b25a4d2e8c22 h1:iW2GQaZBDm1hZjcmP8Lo3A5i6NDgjgwrn4t8QpClVv8=
github.com/lodastack/log v0.0.0-20161025094532-b25a4d2e8c22/go.mod h1:vXz/v/cScduOoa7Mu6DWVr37fHdAGquDpzE2xao27f0=
github.com/lodastack/models v0.0.0-20190318082849-326fc099cf31 h1:7jnx6d+VJjwGL3Pb9OphqDUJDZ5q8dLbbeos4pNbJE0=
github.com/lodastack/models v0.0.0-20190318082849-326fc099cf31/go.mod h1:6DwdhCS6s4P+9M6rjiNshSdu7T8KqHJcTHnrQVfn1+U=
github.com/lodastack/sdk-go v0.0.0-20170303095045-58b4c40298f6 h1:PH4qQ3vh0GlbBmFHKktUPePeEyeSyHe/yE6Nx0b9gkk=
github.com/lodastack/sdk-go v0.0.0-20170303095045-58b4c40298f6/go.mod h1:rnIUskBa/l7o5CCLDAJLa4W2G0I+F11xuG9PzCRPVZI=
github.com/mitchellh/mapstructure v1.1.2 h1:fmNYVwqnSfB9mZU6OS2O6GsXM+wcskZDuKQzvN1EDeE=
github.com/mitchellh/mapstructure v1.1.2/go.mod h1:FVVH3fgwuzCH5S8UJGiWEs2h04kUh9fWfEaFds41c1Y=
github.com/modern-go/concurrent v0.0.0-20180228061459-e0a39a4cb421 h1:ZqeYNhU3OHLH3mGKHDcjJRFFRrJa6eAM5H+CtDdOsPc=
github.com/modern-go/concurrent v0.0.0-20180228061459-e0a39a4cb421/go.mod h1:6dJC0mAP4ikYIbvyc7fijjWJddQyLn8Ig3JB5CqoB9Q=
github.com/modern-go/reflect2 v0.0.0-20180701023420-4b7aa43c6742 h1:Esafd1046DLDQ0W1YjYsBW+p8U2u7vzgW2SQVmlNazg=
github.com/modern-go/reflect2 v0.0.0-20180701023420-4b7aa43c6742/go.mod h1:bx2lNnkwVCuqBIxFjflWJWanXIb3RllmbCylyMrvgv0=
github.com/myesui/uuid v1.0.0 h1:xCBmH4l5KuvLYc5L7AS7SZg9/jKdIFubM7OVoLqaQUI=
github.com/myesui/uuid v1.0.0/go.mod h1:2CDfNgU0LR8mIdO8vdWd8i9gWWxLlcoIGGpSNgafq84=
github.com/pkg/errors v0.9.1 h1:FEBLx1zS214owpjy7qsBeixbURkuhQAwrK5UwLGTwt4=
github.com/pkg/errors v0.9.1/go.mod h1:bwawxfHBFNV+L2hUp1rHADufV3IMtnDRdf1r5NINEl0=
github.com/pmezard/go-difflib v1.0.0 h1:4DBwDE0NGyQoBHbLQYPwSUPoCMWR5BEzIk/f1lZbAQM=
github.com/pmezard/go-difflib v1.0.0/go.mod h1:iKH77koFhYxTK1pcRnkKkqfTogsbg7gZNVY4sRDYZ/4=
github.com/rakyll/statik v0.1.6 h1:uICcfUXpgqtw2VopbIncslhAmE5hwc4g20TEyEENBNs=
github.com/rakyll/statik v0.1.6/go.mod h1:OEi9wJV/fMUAGx1eNjq75DKDsJVuEv1U0oYdX6GX8Zs=
github.com/stretchr/objx v0.1.0/go.mod h1:HFkY916IF+rwdDfMAkV7OtwuqBVzrE8GR6GFx+wExME=
github.com/stretchr/testify v1.3.0 h1:TivCn/peBQ7UY8ooIcPgZFpTNSz0Q2U6UrFlUfqbe0Q=
github.com/stretchr/testify v1.3.0/go.mod h1:M5WIy9Dh21IEIfnGCwXGc5bZfKNJtfHm1UVUgZn+9EI=
github.com/twinj/uuid v1.0.0 h1:fzz7COZnDrXGTAOHGuUGYd6sG+JMq+AoE7+Jlu0przk=
github.com/twinj/uuid v1.0.0/go.mod h1:mMgcE1RHFUFqe5AfiwlINXisXfDGro23fWdPUfOMjRY=
golang.org/x/crypto v0.0.0-20190308221718-c2843e01d9a2/go.mod h1:djNgcEr1/C05ACkg1iLfiJU5Ep61QUkGW8qpdssI0+w=
golang.org/x/crypto v0.0.0-20190506204251-e1dfcc566284 h1:rlLehGeYg6jfoyz/eDqDU1iRXLKfR42nnNh57ytKEWo=
golang.org/x/crypto v0.0.0-20190506204251-e1dfcc566284/go.mod h1:yigFU9vqHzYiE8UmvKecakEJjdnWj3jj499lnFckfCI=
golang.org/x/net v0.0.0-20190404232315-eb5bcb51f2a3 h1:0GoQqolDA55aaLxZyTzK/Y2ePZzZTUrRacwib7cNsYQ=
golang.org/x/net v0.0.0-20190404232315-eb5bcb51f2a3/go.mod h1:t9HGtf8HONx5eT2rtn7q6eTqICYqUVnKs3thJo3Qplg=
golang.org/x/sys v0.0.0-20190215142949-d0b11bdaac8a/go.mod h1:STP8DvDyc/dI5b8T5hshtkjS+E42TnysNCUPdjciGhY=
golang.org/x/sys v0.0.0-20190412213103-97732733099d h1:+R4KGOnez64A81RvjARKc4UT5/tI9ujCIVX+P5KiHuI=
golang.org/x/sys v0.0.0-20190412213103-97732733099d/go.mod h1:h1NjWce9XRLGQEsW7wpKNCjG9DtNlClVuFLEZdDNbEs=
golang.org/x/text v0.3.0/go.mod h1:NqM8EUOU14njkJ3fqMW+pc6Ldnwhi/IjpwHt7yyuwOQ=
golang.org/x/tools v0.0.0-20181030221726-6c7e314b6563/go.mod h1:n7NCudcB/nEzxVGmLbDWY5pfWTLqBcC2KZ6jyYvM4mQ=
gopkg.in/alexcesaro/quotedprintable.v3 v3.0.0-20150716171945-2caba252f4dc h1:2gGKlE2+asNV9m7xrywl36YYNnBG5ZQ0r/BOOxqPpmk=
gopkg.in/alexcesaro/quotedprintable.v3 v3.0.0-20150716171945-2caba252f4dc/go.mod h1:m7x9LTH6d71AHyAX77c9yqWCCa3UKHcVEj9y7hAtKDk=
gopkg.in/gomail.v2 v2.0.0-20160411212932-81ebce5c23df h1:n7WqCuqOuCbNr617RXOY0AWRXxgwEyPp2z+p0+hgMuE=
gopkg.in/gomail.v2 v2.0.0-20160411212932-81ebce5c23df/go.mod h1:LRQQ+SO6ZHR7tOkpBDuZnXENFzX8qRjMDMyPD6BRkCw=
gopkg.in/stretchr/testify.v1 v1.2.2 h1:yhQC6Uy5CqibAIlk1wlusa/MJ3iAN49/BsR/dCCKz3M=
gopkg.in/stretchr/testify.v1 v1.2.2/go.mod h1:QI5V/q6UbPmuhtm10CaFZxED9NreB8PnFYN9JcR6TxU=
